{
  "version": "3",
  "packages": {
    "specifiers": {
      "jsr:@std/assert": "jsr:@std/assert@1.0.7",
      "jsr:@std/assert@1": "jsr:@std/assert@1.0.7",
      "jsr:@std/internal@^1.0.5": "jsr:@std/internal@1.0.5",
      "npm:@types/node": "npm:@types/node@18.16.19"
    },
    "jsr": {
      "@std/assert@1.0.3": {
        "integrity": "b0d03ce1ced880df67132eea140623010d415848df66f6aa5df76507ca7c26d8"
      },
      "@std/assert@1.0.7": {
        "integrity": "64ce9fac879e0b9f3042a89b3c3f8ccfc9c984391af19e2087513a79d73e28c3",
        "dependencies": [
          "jsr:@std/internal@^1.0.5"
        ]
      },
      "@std/internal@1.0.5": {
        "integrity": "54a546004f769c1ac9e025abd15a76b6671ddc9687e2313b67376125650dc7ba"
      }
    },
    "npm": {
      "@types/node@18.16.19": {
        "integrity": "sha512-IXl7o+R9iti9eBW4Wg2hx1xQDig183jj7YLn8F7udNceyfkbn1ZxmzZXuak20gR40D7pIkIY1kYGx5VIGbaHKA==",
        "dependencies": {}
      }
    }
  },
  "remote": {},
  "workspace": {
    "dependencies": [
      "jsr:@std/assert@1"
    ]
  }
}
